
Microsoft Visual Studio Solution File, Format Version 11.00
# Visual Studio 2010
Project("{FAE04EC0-301F-11D3-BF4B-00C04F79EFBC}") = "Ex03.VehiclesObjectModel", "Ex03.VehiclesObjectModel\Ex03.VehiclesObjectModel.csproj", "{D3013292-F6E5-45DC-8567-1C65EACF1DB2}"
EndProject
Project("{FAE04EC0-301F-11D3-BF4B-00C04F79EFBC}") = "Ex03.GarageManagementSystem.Console", "GarageManagementSystem.Console\Ex03.GarageManagementSystem.Console.csproj", "{53A4C698-8567-498B-8C41-915587E3DBAD}"
EndProject
Global
	GlobalSection(SolutionConfigurationPlatforms) = preSolution
		Debug|Any CPU = Debug|Any CPU
		Debug|Mixed Platforms = Debug|Mixed Platforms
		Debug|x86 = Debug|x86
		Release|Any CPU = Release|Any CPU
		Release|Mixed Platforms = Release|Mixed Platforms
		Release|x86 = Release|x86
	EndGlobalSection
	GlobalSection(ProjectConfigurationPlatforms) = postSolution
		{D3013292-F6E5-45DC-8567-1C65EACF1DB2}.Debug|Any CPU.ActiveCfg = Debug|Any CPU
		{D3013292-F6E5-45DC-8567-1C65EACF1DB2}.Debug|Any CPU.Build.0 = Debug|Any CPU
		{D3013292-F6E5-45DC-8567-1C65EACF1DB2}.Debug|Mixed Platforms.ActiveCfg = Debug|Any CPU
		{D3013292-F6E5-45DC-8567-1C65EACF1DB2}.Debug|Mixed Platforms.Build.0 = Debug|Any CPU
		{D3013292-F6E5-45DC-8567-1C65EACF1DB2}.Debug|x86.ActiveCfg = Debug|Any CPU
		{D3013292-F6E5-45DC-8567-1C65EACF1DB2}.Release|Any CPU.ActiveCfg = Release|Any CPU
		{D3013292-F6E5-45DC-8567-1C65EACF1DB2}.Release|Any CPU.Build.0 = Release|Any CPU
		{D3013292-F6E5-45DC-8567-1C65EACF1DB2}.Release|Mixed Platforms.ActiveCfg = Release|Any CPU
		{D3013292-F6E5-45DC-8567-1C65EACF1DB2}.Release|Mixed Platforms.Build.0 = Release|Any CPU
		{D3013292-F6E5-45DC-8567-1C65EACF1DB2}.Release|x86.ActiveCfg = Release|Any CPU
		{53A4C698-8567-498B-8C41-915587E3DBAD}.Debug|Any CPU.ActiveCfg = Debug|x86
		{53A4C698-8567-498B-8C41-915587E3DBAD}.Debug|Mixed Platforms.ActiveCfg = Debug|x86
		{53A4C698-8567-498B-8C41-915587E3DBAD}.Debug|Mixed Platforms.Build.0 = Debug|x86
		{53A4C698-8567-498B-8C41-915587E3DBAD}.Debug|x86.ActiveCfg = Debug|x86
		{53A4C698-8567-498B-8C41-915587E3DBAD}.Debug|x86.Build.0 = Debug|x86
		{53A4C698-8567-498B-8C41-915587E3DBAD}.Release|Any CPU.ActiveCfg = Release|x86
		{53A4C698-8567-498B-8C41-915587E3DBAD}.Release|Mixed Platforms.ActiveCfg = Release|x86
		{53A4C698-8567-498B-8C41-915587E3DBAD}.Release|Mixed Platforms.Build.0 = Release|x86
		{53A4C698-8567-498B-8C41-915587E3DBAD}.Release|x86.ActiveCfg = Release|x86
		{53A4C698-8567-498B-8C41-915587E3DBAD}.Release|x86.Build.0 = Release|x86
	EndGlobalSection
	GlobalSection(SolutionProperties) = preSolution
		HideSolutionNode = FALSE
	EndGlobalSection
EndGlobal
